
Microsoft Visual Studio Solution File, Format Version 12.00
# Visual Studio Version 17
VisualStudioVersion = 17.5.33627.172
MinimumVisualStudioVersion = 10.0.40219.1
Project("{9A19103F-16F7-4668-BE54-9A1E7A4F7556}") = "RockHouse.Collections", "RockHouse.Collections\RockHouse.Collections.csproj", "{D5B86FED-CFBC-472B-B1BD-0FDB10865EF0}"
EndProject
Project("{9A19103F-16F7-4668-BE54-9A1E7A4F7556}") = "RockHouse.Collections.Tests", "RockHouse.Collections.Tests\RockHouse.Collections.Tests.csproj", "{998F9998-B16F-456C-83AB-4C91BCC38ED4}"
EndProject
Project("{2150E333-8FDC-42A3-9474-1A3956D46DE8}") = "ソリューション項目", "ソリューション項目", "{E4A4F59A-D16F-441A-9090-E78D12974845}"
	ProjectSection(SolutionItems) = preProject
		LICENSE = LICENSE
		README.md = README.md
	EndProjectSection
EndProject
Global
	GlobalSection(SolutionConfigurationPlatforms) = preSolution
		Debug|Any CPU = Debug|Any CPU
		Release|Any CPU = Release|Any CPU
	EndGlobalSection
	GlobalSection(ProjectConfigurationPlatforms) = postSolution
		{D5B86FED-CFBC-472B-B1BD-0FDB10865EF0}.Debug|Any CPU.ActiveCfg = Debug|Any CPU
		{D5B86FED-CFBC-472B-B1BD-0FDB10865EF0}.Debug|Any CPU.Build.0 = Debug|Any CPU
		{D5B86FED-CFBC-472B-B1BD-0FDB10865EF0}.Release|Any CPU.ActiveCfg = Release|Any CPU
		{D5B86FED-CFBC-472B-B1BD-0FDB10865EF0}.Release|Any CPU.Build.0 = Release|Any CPU
		{998F9998-B16F-456C-83AB-4C91BCC38ED4}.Debug|Any CPU.ActiveCfg = Debug|Any CPU
		{998F9998-B16F-456C-83AB-4C91BCC38ED4}.Debug|Any CPU.Build.0 = Debug|Any CPU
		{998F9998-B16F-456C-83AB-4C91BCC38ED4}.Release|Any CPU.ActiveCfg = Release|Any CPU
		{998F9998-B16F-456C-83AB-4C91BCC38ED4}.Release|Any CPU.Build.0 = Release|Any CPU
	EndGlobalSection
	GlobalSection(SolutionProperties) = preSolution
		HideSolutionNode = FALSE
	EndGlobalSection
	GlobalSection(ExtensibilityGlobals) = postSolution
		SolutionGuid = {C8BE628D-D713-40CB-97C4-96BAF29F04DA}
	EndGlobalSection
EndGlobal
